// !$*UTF8*$!
{
	archiveVersion = 1;
	classes = {
	};
	objectVersion = 46;
	objects = {

/* Begin PBXBuildFile section */
		332CDB481FC46672003428B7 /* Servers.plist in Resources */ = {isa = PBXBuildFile; fileRef = 332CDB471FC46672003428B7 /* Servers.plist */; };
		33B205751F358D8D0029368C /* AppDelegate.swift in Sources */ = {isa = PBXBuildFile; fileRef = 33B205741F358D8D0029368C /* AppDelegate.swift */; };
		33B205771F358D8D0029368C /* ViewController.swift in Sources */ = {isa = PBXBuildFile; fileRef = 33B205761F358D8D0029368C /* ViewController.swift */; };
		33B2057A1F358D8D0029368C /* Main.storyboard in Resources */ = {isa = PBXBuildFile; fileRef = 33B205781F358D8D0029368C /* Main.storyboard */; };
		33B2057D1F358D8D0029368C /* AllInOneSwift.xcdatamodeld in Sources */ = {isa = PBXBuildFile; fileRef = 33B2057B1F358D8D0029368C /* AllInOneSwift.xcdatamodeld */; };
		33B2057F1F358D8D0029368C /* Assets.xcassets in Resources */ = {isa = PBXBuildFile; fileRef = 33B2057E1F358D8D0029368C /* Assets.xcassets */; };
		33B205821F358D8D0029368C /* LaunchScreen.storyboard in Resources */ = {isa = PBXBuildFile; fileRef = 33B205801F358D8D0029368C /* LaunchScreen.storyboard */; };
		33B2058A1F358F2B0029368C /* SampleData.plist in Resources */ = {isa = PBXBuildFile; fileRef = 33B205891F358F2B0029368C /* SampleData.plist */; };
		33E486BE1FBC838A00E2A3C6 /* UrlViewController.swift in Sources */ = {isa = PBXBuildFile; fileRef = 33E486BC1FBC838A00E2A3C6 /* UrlViewController.swift */; };
		33E486BF1FBC838A00E2A3C6 /* UrlViewController.xib in Resources */ = {isa = PBXBuildFile; fileRef = 33E486BD1FBC838A00E2A3C6 /* UrlViewController.xib */; };
		33F1E54D1F741300002D7FE2 /* Dev.xcconfig in Resources */ = {isa = PBXBuildFile; fileRef = 33F1E54C1F741300002D7FE2 /* Dev.xcconfig */; };
/* End PBXBuildFile section */

/* Begin PBXFileReference section */
		332CDB471FC46672003428B7 /* Servers.plist */ = {isa = PBXFileReference; lastKnownFileType = text.plist.xml; path = Servers.plist; sourceTree = "<group>"; };
		33B205711F358D8D0029368C /* AllInOneSwift.app */ = {isa = PBXFileReference; explicitFileType = wrapper.application; includeInIndex = 0; path = AllInOneSwift.app; sourceTree = BUILT_PRODUCTS_DIR; };
		33B205741F358D8D0029368C /* AppDelegate.swift */ = {isa = PBXFileReference; lastKnownFileType = sourcecode.swift; path = AppDelegate.swift; sourceTree = "<group>"; };
		33B205761F358D8D0029368C /* ViewController.swift */ = {isa = PBXFileReference; lastKnownFileType = sourcecode.swift; path = ViewController.swift; sourceTree = "<group>"; };
		33B205791F358D8D0029368C /* Base */ = {isa = PBXFileReference; lastKnownFileType = file.storyboard; name = Base; path = Base.lproj/Main.storyboard; sourceTree = "<group>"; };
		33B2057C1F358D8D0029368C /* AllInOneSwift.xcdatamodel */ = {isa = PBXFileReference; lastKnownFileType = wrapper.xcdatamodel; path = AllInOneSwift.xcdatamodel; sourceTree = "<group>"; };
		33B2057E1F358D8D0029368C /* Assets.xcassets */ = {isa = PBXFileReference; lastKnownFileType = folder.assetcatalog; path = Assets.xcassets; sourceTree = "<group>"; };
		33B205811F358D8D0029368C /* Base */ = {isa = PBXFileReference; lastKnownFileType = file.storyboard; name = Base; path = Base.lproj/LaunchScreen.storyboard; sourceTree = "<group>"; };
		33B205831F358D8D0029368C /* Info.plist */ = {isa = PBXFileReference; lastKnownFileType = text.plist.xml; path = Info.plist; sourceTree = "<group>"; };
		33B205891F358F2B0029368C /* SampleData.plist */ = {isa = PBXFileReference; fileEncoding = 4; lastKnownFileType = text.plist.xml; path = SampleData.plist; sourceTree = "<group>"; };
		33E486BC1FBC838A00E2A3C6 /* UrlViewController.swift */ = {isa = PBXFileReference; lastKnownFileType = sourcecode.swift; path = UrlViewController.swift; sourceTree = "<group>"; };
		33E486BD1FBC838A00E2A3C6 /* UrlViewController.xib */ = {isa = PBXFileReference; lastKnownFileType = file.xib; path = UrlViewController.xib; sourceTree = "<group>"; };
		33F1E54C1F741300002D7FE2 /* Dev.xcconfig */ = {isa = PBXFileReference; lastKnownFileType = text.xcconfig; path = Dev.xcconfig; sourceTree = "<group>"; };
/* End PBXFileReference section */

/* Begin PBXFrameworksBuildPhase section */
		33B2056E1F358D8D0029368C /* Frameworks */ = {
			isa = PBXFrameworksBuildPhase;
			buildActionMask = 2147483647;
			files = (
			);
			runOnlyForDeploymentPostprocessing = 0;
		};
/* End PBXFrameworksBuildPhase section */

/* Begin PBXGroup section */
		33B205681F358D8D0029368C = {
			isa = PBXGroup;
			children = (
				33B205731F358D8D0029368C /* AllInOneSwift */,
				33B205721F358D8D0029368C /* Products */,
			);
			sourceTree = "<group>";
		};
		33B205721F358D8D0029368C /* Products */ = {
			isa = PBXGroup;
			children = (
				33B205711F358D8D0029368C /* AllInOneSwift.app */,
			);
			name = Products;
			sourceTree = "<group>";
		};
		33B205731F358D8D0029368C /* AllInOneSwift */ = {
			isa = PBXGroup;
			children = (
				33B205741F358D8D0029368C /* AppDelegate.swift */,
				33B205761F358D8D0029368C /* ViewController.swift */,
				33B205781F358D8D0029368C /* Main.storyboard */,
				33B2057E1F358D8D0029368C /* Assets.xcassets */,
				33B205801F358D8D0029368C /* LaunchScreen.storyboard */,
				33B205831F358D8D0029368C /* Info.plist */,
				33B2057B1F358D8D0029368C /* AllInOneSwift.xcdatamodeld */,
				33B205891F358F2B0029368C /* SampleData.plist */,
				33F1E54C1F741300002D7FE2 /* Dev.xcconfig */,
				33E486BC1FBC838A00E2A3C6 /* UrlViewController.swift */,
				33E486BD1FBC838A00E2A3C6 /* UrlViewController.xib */,
				332CDB471FC46672003428B7 /* Servers.plist */,
			);
			path = AllInOneSwift;
			sourceTree = "<group>";
		};
/* End PBXGroup section */

/* Begin PBXNativeTarget section */
		33B205701F358D8D0029368C /* AllInOneSwift */ = {
			isa = PBXNativeTarget;
			buildConfigurationList = 33B205861F358D8D0029368C /* Build configuration list for PBXNativeTarget "AllInOneSwift" */;
			buildPhases = (
				33B2056D1F358D8D0029368C /* Sources */,
				33B2056E1F358D8D0029368C /* Frameworks */,
				33B2056F1F358D8D0029368C /* Resources */,
			);
			buildRules = (
			);
			dependencies = (
			);
			name = AllInOneSwift;
			productName = AllInOneSwift;
			productReference = 33B205711F358D8D0029368C /* AllInOneSwift.app */;
			productType = "com.apple.product-type.application";
		};
/* End PBXNativeTarget section */

/* Begin PBXProject section */
		33B205691F358D8D0029368C /* Project object */ = {
			isa = PBXProject;
			attributes = {
				LastSwiftUpdateCheck = 0830;
				LastUpgradeCheck = 0830;
				ORGANIZATIONNAME = "Ant and Buffalo";
				TargetAttributes = {
					33B205701F358D8D0029368C = {
						CreatedOnToolsVersion = 8.3.3;
						DevelopmentTeam = QL3M939ZKU;
						ProvisioningStyle = Automatic;
					};
				};
			};
			buildConfigurationList = 33B2056C1F358D8D0029368C /* Build configuration list for PBXProject "AllInOneSwift" */;
			compatibilityVersion = "Xcode 3.2";
			developmentRegion = English;
			hasScannedForEncodings = 0;
			knownRegions = (
				en,
				Base,
			);
			mainGroup = 33B205681F358D8D0029368C;
			productRefGroup = 33B205721F358D8D0029368C /* Products */;
			projectDirPath = "";
			projectRoot = "";
			targets = (
				33B205701F358D8D0029368C /* AllInOneSwift */,
			);
		};
/* End PBXProject section */

/* Begin PBXResourcesBuildPhase section */
		33B2056F1F358D8D0029368C /* Resources */ = {
			isa = PBXResourcesBuildPhase;
			buildActionMask = 2147483647;
			files = (
				33B205821F358D8D0029368C /* LaunchScreen.storyboard in Resources */,
				33B2057F1F358D8D0029368C /* Assets.xcassets in Resources */,
				332CDB481FC46672003428B7 /* Servers.plist in Resources */,
				33E486BF1FBC838A00E2A3C6 /* UrlViewController.xib in Resources */,
				33F1E54D1F741300002D7FE2 /* Dev.xcconfig in Resources */,
				33B2058A1F358F2B0029368C /* SampleData.plist in Resources */,
				33B2057A1F358D8D0029368C /* Main.storyboard in Resources */,
			);
			runOnlyForDeploymentPostprocessing = 0;
		};
/* End PBXResourcesBuildPhase section */

/* Begin PBXSourcesBuildPhase section */
		33B2056D1F358D8D0029368C /* Sources */ = {
			isa = PBXSourcesBuildPhase;
			buildActionMask = 2147483647;
			files = (
				33E486BE1FBC838A00E2A3C6 /* UrlViewController.swift in Sources */,
				33B205771F358D8D0029368C /* ViewController.swift in Sources */,
				33B2057D1F358D8D0029368C /* AllInOneSwift.xcdatamodeld in Sources */,
				33B205751F358D8D0029368C /* AppDelegate.swift in Sources */,
			);
			runOnlyForDeploymentPostprocessing = 0;
		};
/* End PBXSourcesBuildPhase section */

/* Begin PBXVariantGroup section */
		33B205781F358D8D0029368C /* Main.storyboard */ = {
			isa = PBXVariantGroup;
			children = (
				33B205791F358D8D0029368C /* Base */,
			);
			name = Main.storyboard;
			sourceTree = "<group>";
		};
		33B205801F358D8D0029368C /* LaunchScreen.storyboard */ = {
			isa = PBXVariantGroup;
			children = (
				33B205811F358D8D0029368C /* Base */,
			);
			name = LaunchScreen.storyboard;
			sourceTree = "<group>";
		};
/* End PBXVariantGroup section */

/* Begin XCBuildConfiguration section */
		33B205841F358D8D0029368C /* Debug */ = {
			isa = XCBuildConfiguration;
			buildSettings = {
				ALWAYS_SEARCH_USER_PATHS = NO;
				CLANG_ANALYZER_NONNULL = YES;
				CLANG_ANALYZER_NUMBER_OBJECT_CONVERSION = YES_AGGRESSIVE;
				CLANG_CXX_LANGUAGE_STANDARD = "gnu++0x";
				CLANG_CXX_LIBRARY = "libc++";
				CLANG_ENABLE_MODULES = YES;
				CLANG_ENABLE_OBJC_ARC = YES;
				CLANG_WARN_BOOL_CONVERSION = YES;
				CLANG_WARN_CONSTANT_CONVERSION = YES;
				CLANG_WARN_DIRECT_OBJC_ISA_USAGE = YES_ERROR;
				CLANG_WARN_DOCUMENTATION_COMMENTS = YES;
				CLANG_WARN_EMPTY_BODY = YES;
				CLANG_WARN_ENUM_CONVERSION = YES;
				CLANG_WARN_INFINITE_RECURSION = YES;
				CLANG_WARN_INT_CONVERSION = YES;
				CLANG_WARN_OBJC_ROOT_CLASS = YES_ERROR;
				CLANG_WARN_SUSPICIOUS_MOVE = YES;
				CLANG_WARN_UNREACHABLE_CODE = YES;
				CLANG_WARN__DUPLICATE_METHOD_MATCH = YES;
				"CODE_SIGN_IDENTITY[sdk=iphoneos*]" = "iPhone Developer";
				COPY_PHASE_STRIP = NO;
				DEBUG_INFORMATION_FORMAT = dwarf;
				ENABLE_STRICT_OBJC_MSGSEND = YES;
				ENABLE_TESTABILITY = YES;
				GCC_C_LANGUAGE_STANDARD = gnu99;
				GCC_DYNAMIC_NO_PIC = NO;
				GCC_NO_COMMON_BLOCKS = YES;
				GCC_OPTIMIZATION_LEVEL = 0;
				GCC_PREPROCESSOR_DEFINITIONS = (
					"DEBUG=1",
					"$(inherited)",
				);
				GCC_WARN_64_TO_32_BIT_CONVERSION = YES;
				GCC_WARN_ABOUT_RETURN_TYPE = YES_ERROR;
				GCC_WARN_UNDECLARED_SELECTOR = YES;
				GCC_WARN_UNINITIALIZED_AUTOS = YES_AGGRESSIVE;
				GCC_WARN_UNUSED_FUNCTION = YES;
				GCC_WARN_UNUSED_VARIABLE = YES;
				IPHONEOS_DEPLOYMENT_TARGET = 10.3;
				MTL_ENABLE_DEBUG_INFO = YES;
				ONLY_ACTIVE_ARCH = YES;
				SDKROOT = iphoneos;
				SWIFT_ACTIVE_COMPILATION_CONDITIONS = DEBUG;
				SWIFT_OPTIMIZATION_LEVEL = "-Onone";
				TARGETED_DEVICE_FAMILY = "1,2";
			};
			name = Debug;
		};
		33B205851F358D8D0029368C /* Release */ = {
			isa = XCBuildConfiguration;
			buildSettings = {
				ALWAYS_SEARCH_USER_PATHS = NO;
				CLANG_ANALYZER_NONNULL = YES;
				CLANG_ANALYZER_NUMBER_OBJECT_CONVERSION = YES_AGGRESSIVE;
				CLANG_CXX_LANGUAGE_STANDARD = "gnu++0x";
				CLANG_CXX_LIBRARY = "libc++";
				CLANG_ENABLE_MODULES = YES;
				CLANG_ENABLE_OBJC_ARC = YES;
				CLANG_WARN_BOOL_CONVERSION = YES;
				CLANG_WARN_CONSTANT_CONVERSION = YES;
				CLANG_WARN_DIRECT_OBJC_ISA_USAGE = YES_ERROR;
				CLANG_WARN_DOCUMENTATION_COMMENTS = YES;
				CLANG_WARN_EMPTY_BODY = YES;
				CLANG_WARN_ENUM_CONVERSION = YES;
				CLANG_WARN_INFINITE_RECURSION = YES;
				CLANG_WARN_INT_CONVERSION = YES;
				CLANG_WARN_OBJC_ROOT_CLASS = YES_ERROR;
				CLANG_WARN_SUSPICIOUS_MOVE = YES;
				CLANG_WARN_UNREACHABLE_CODE = YES;
				CLANG_WARN__DUPLICATE_METHOD_MATCH = YES;
				"CODE_SIGN_IDENTITY[sdk=iphoneos*]" = "iPhone Developer";
				COPY_PHASE_STRIP = NO;
				DEBUG_INFORMATION_FORMAT = "dwarf-with-dsym";
				ENABLE_NS_ASSERTIONS = NO;
				ENABLE_STRICT_OBJC_MSGSEND = YES;
				GCC_C_LANGUAGE_STANDARD = gnu99;
				GCC_NO_COMMON_BLOCKS = YES;
				GCC_WARN_64_TO_32_BIT_CONVERSION = YES;
				GCC_WARN_ABOUT_RETURN_TYPE = YES_ERROR;
				GCC_WARN_UNDECLARED_SELECTOR = YES;
				GCC_WARN_UNINITIALIZED_AUTOS = YES_AGGRESSIVE;
				GCC_WARN_UNUSED_FUNCTION = YES;
				GCC_WARN_UNUSED_VARIABLE = YES;
				IPHONEOS_DEPLOYMENT_TARGET = 10.3;
				MTL_ENABLE_DEBUG_INFO = NO;
				SDKROOT = iphoneos;
				SWIFT_OPTIMIZATION_LEVEL = "-Owholemodule";
				TARGETED_DEVICE_FAMILY = "1,2";
				VALIDATE_PRODUCT = YES;
			};
			name = Release;
		};
		33B205871F358D8D0029368C /* Debug */ = {
			isa = XCBuildConfiguration;
			buildSettings = {
				ASSETCATALOG_COMPILER_APPICON_NAME = AppIcon;
				DEVELOPMENT_TEAM = QL3M939ZKU;
				INFOPLIST_FILE = AllInOneSwift/Info.plist;
				LD_RUNPATH_SEARCH_PATHS = "$(inherited) @executable_path/Frameworks";
				PRODUCT_BUNDLE_IDENTIFIER = com.antandbuffalo.AllInOneSwift;
				PRODUCT_NAME = "$(TARGET_NAME)";
				SWIFT_VERSION = 3.0;
			};
			name = Debug;
		};
		33B205881F358D8D0029368C /* Release */ = {
			isa = XCBuildConfiguration;
			buildSettings = {
				ASSETCATALOG_COMPILER_APPICON_NAME = AppIcon;
				DEVELOPMENT_TEAM = QL3M939ZKU;
				INFOPLIST_FILE = AllInOneSwift/Info.plist;
				LD_RUNPATH_SEARCH_PATHS = "$(inherited) @executable_path/Frameworks";
				PRODUCT_BUNDLE_IDENTIFIER = com.antandbuffalo.AllInOneSwift;
				PRODUCT_NAME = "$(TARGET_NAME)";
				SWIFT_VERSION = 3.0;
			};
			name = Release;
		};
/* End XCBuildConfiguration section */

/* Begin XCConfigurationList section */
		33B2056C1F358D8D0029368C /* Build configuration list for PBXProject "AllInOneSwift" */ = {
			isa = XCConfigurationList;
			buildConfigurations = (
				33B205841F358D8D0029368C /* Debug */,
				33B205851F358D8D0029368C /* Release */,
			);
			defaultConfigurationIsVisible = 0;
			defaultConfigurationName = Release;
		};
		33B205861F358D8D0029368C /* Build configuration list for PBXNativeTarget "AllInOneSwift" */ = {
			isa = XCConfigurationList;
			buildConfigurations = (
				33B205871F358D8D0029368C /* Debug */,
				33B205881F358D8D0029368C /* Release */,
			);
			defaultConfigurationIsVisible = 0;
			defaultConfigurationName = Release;
		};
/* End XCConfigurationList section */

/* Begin XCVersionGroup section */
		33B2057B1F358D8D0029368C /* AllInOneSwift.xcdatamodeld */ = {
			isa = XCVersionGroup;
			children = (
				33B2057C1F358D8D0029368C /* AllInOneSwift.xcdatamodel */,
			);
			currentVersion = 33B2057C1F358D8D0029368C /* AllInOneSwift.xcdatamodel */;
			path = AllInOneSwift.xcdatamodeld;
			sourceTree = "<group>";
			versionGroupType = wrapper.xcdatamodel;
		};
/* End XCVersionGroup section */
	};
	rootObject = 33B205691F358D8D0029368C /* Project object */;
}
